// !$*UTF8*$!
{
	archiveVersion = 1;
	classes = {
	};
	objectVersion = 46;
	objects = {

/* Begin PBXBuildFile section */
		CF7EC6701B1550E200CD8600 /* main.cpp in Sources */ = {isa = PBXBuildFile; fileRef = CF7EC66F1B1550E200CD8600 /* main.cpp */; };
/* End PBXBuildFile section */

/* Begin PBXCopyFilesBuildPhase section */
		CF7EC66A1B1550E200CD8600 /* CopyFiles */ = {
			isa = PBXCopyFilesBuildPhase;
			buildActionMask = 2147483647;
			dstPath = /usr/share/man/man1/;
			dstSubfolderSpec = 0;
			files = (
			);
			runOnlyForDeploymentPostprocessing = 1;
		};
/* End PBXCopyFilesBuildPhase section */

/* Begin PBXFileReference section */
		CF7EC66C1B1550E200CD8600 /* Algebra Quadratic Equation */ = {isa = PBXFileReference; explicitFileType = "compiled.mach-o.executable"; includeInIndex = 0; path = "Algebra Quadratic Equation"; sourceTree = BUILT_PRODUCTS_DIR; };
		CF7EC66F1B1550E200CD8600 /* main.cpp */ = {isa = PBXFileReference; lastKnownFileType = sourcecode.cpp.cpp; path = main.cpp; sourceTree = "<group>"; };
/* End PBXFileReference section */

/* Begin PBXFrameworksBuildPhase section */
		CF7EC6691B1550E200CD8600 /* Frameworks */ = {
			isa = PBXFrameworksBuildPhase;
			buildActionMask = 2147483647;
			files = (
			);
			runOnlyForDeploymentPostprocessing = 0;
		};
/* End PBXFrameworksBuildPhase section */

/* Begin PBXGroup section */
		CF7EC6631B1550E200CD8600 = {
			isa = PBXGroup;
			children = (
				CF7EC66E1B1550E200CD8600 /* Algebra Quadratic Equation */,
				CF7EC66D1B1550E200CD8600 /* Products */,
			);
			sourceTree = "<group>";
		};
		CF7EC66D1B1550E200CD8600 /* Products */ = {
			isa = PBXGroup;
			children = (
				CF7EC66C1B1550E200CD8600 /* Algebra Quadratic Equation */,
			);
			name = Products;
			sourceTree = "<group>";
		};
		CF7EC66E1B1550E200CD8600 /* Algebra Quadratic Equation */ = {
			isa = PBXGroup;
			children = (
				CF7EC66F1B1550E200CD8600 /* main.cpp */,
			);
			path = "Algebra Quadratic Equation";
			sourceTree = "<group>";
		};
/* End PBXGroup section */

/* Begin PBXNativeTarget section */
		CF7EC66B1B1550E200CD8600 /* Algebra Quadratic Equation */ = {
			isa = PBXNativeTarget;
			buildConfigurationList = CF7EC6731B1550E200CD8600 /* Build configuration list for PBXNativeTarget "Algebra Quadratic Equation" */;
			buildPhases = (
				CF7EC6681B1550E200CD8600 /* Sources */,
				CF7EC6691B1550E200CD8600 /* Frameworks */,
				CF7EC66A1B1550E200CD8600 /* CopyFiles */,
			);
			buildRules = (
			);
			dependencies = (
			);
			name = "Algebra Quadratic Equation";
			productName = "Algebra Quadratic Equation";
			productReference = CF7EC66C1B1550E200CD8600 /* Algebra Quadratic Equation */;
			productType = "com.apple.product-type.tool";
		};
/* End PBXNativeTarget section */

/* Begin PBXProject section */
		CF7EC6641B1550E200CD8600 /* Project object */ = {
			isa = PBXProject;
			attributes = {
				LastUpgradeCheck = 0630;
				ORGANIZATIONNAME = "Kathleen Levi";
				TargetAttributes = {
					CF7EC66B1B1550E200CD8600 = {
						CreatedOnToolsVersion = 6.3.1;
					};
				};
			};
			buildConfigurationList = CF7EC6671B1550E200CD8600 /* Build configuration list for PBXProject "Algebra Quadratic Equation" */;
			compatibilityVersion = "Xcode 3.2";
			developmentRegion = English;
			hasScannedForEncodings = 0;
			knownRegions = (
				en,
			);
			mainGroup = CF7EC6631B1550E200CD8600;
			productRefGroup = CF7EC66D1B1550E200CD8600 /* Products */;
			projectDirPath = "";
			projectRoot = "";
			targets = (
				CF7EC66B1B1550E200CD8600 /* Algebra Quadratic Equation */,
			);
		};
/* End PBXProject section */

/* Begin PBXSourcesBuildPhase section */
		CF7EC6681B1550E200CD8600 /* Sources */ = {
			isa = PBXSourcesBuildPhase;
			buildActionMask = 2147483647;
			files = (
				CF7EC6701B1550E200CD8600 /* main.cpp in Sources */,
			);
			runOnlyForDeploymentPostprocessing = 0;
		};
/* End PBXSourcesBuildPhase section */

/* Begin XCBuildConfiguration section */
		CF7EC6711B1550E200CD8600 /* Debug */ = {
			isa = XCBuildConfiguration;
			buildSettings = {
				ALWAYS_SEARCH_USER_PATHS = NO;
				CLANG_CXX_LANGUAGE_STANDARD = "gnu++0x";
				CLANG_CXX_LIBRARY = "libc++";
				CLANG_ENABLE_MODULES = YES;
				CLANG_ENABLE_OBJC_ARC = YES;
				CLANG_WARN_BOOL_CONVERSION = YES;
				CLANG_WARN_CONSTANT_CONVERSION = YES;
				CLANG_WARN_DIRECT_OBJC_ISA_USAGE = YES_ERROR;
				CLANG_WARN_EMPTY_BODY = YES;
				CLANG_WARN_ENUM_CONVERSION = YES;
				CLANG_WARN_INT_CONVERSION = YES;
				CLANG_WARN_OBJC_ROOT_CLASS = YES_ERROR;
				CLANG_WARN_UNREACHABLE_CODE = YES;
				CLANG_WARN__DUPLICATE_METHOD_MATCH = YES;
				COPY_PHASE_STRIP = NO;
				DEBUG_INFORMATION_FORMAT = dwarf;
				ENABLE_STRICT_OBJC_MSGSEND = YES;
				GCC_C_LANGUAGE_STANDARD = gnu99;
				GCC_DYNAMIC_NO_PIC = NO;
				GCC_NO_COMMON_BLOCKS = YES;
				GCC_OPTIMIZATION_LEVEL = 0;
				GCC_PREPROCESSOR_DEFINITIONS = (
					"DEBUG=1",
					"$(inherited)",
				);
				GCC_SYMBOLS_PRIVATE_EXTERN = NO;
				GCC_WARN_64_TO_32_BIT_CONVERSION = YES;
				GCC_WARN_ABOUT_RETURN_TYPE = YES_ERROR;
				GCC_WARN_UNDECLARED_SELECTOR = YES;
				GCC_WARN_UNINITIALIZED_AUTOS = YES_AGGRESSIVE;
				GCC_WARN_UNUSED_FUNCTION = YES;
				GCC_WARN_UNUSED_VARIABLE = YES;
				MACOSX_DEPLOYMENT_TARGET = 10.10;
				MTL_ENABLE_DEBUG_INFO = YES;
				ONLY_ACTIVE_ARCH = YES;
				SDKROOT = macosx;
			};
			name = Debug;
		};
		CF7EC6721B1550E200CD8600 /* Release */ = {
			isa = XCBuildConfiguration;
			buildSettings = {
				ALWAYS_SEARCH_USER_PATHS = NO;
				CLANG_CXX_LANGUAGE_STANDARD = "gnu++0x";
				CLANG_CXX_LIBRARY = "libc++";
				CLANG_ENABLE_MODULES = YES;
				CLANG_ENABLE_OBJC_ARC = YES;
				CLANG_WARN_BOOL_CONVERSION = YES;
				CLANG_WARN_CONSTANT_CONVERSION = YES;
				CLANG_WARN_DIRECT_OBJC_ISA_USAGE = YES_ERROR;
				CLANG_WARN_EMPTY_BODY = YES;
				CLANG_WARN_ENUM_CONVERSION = YES;
				CLANG_WARN_INT_CONVERSION = YES;
				CLANG_WARN_OBJC_ROOT_CLASS = YES_ERROR;
				CLANG_WARN_UNREACHABLE_CODE = YES;
				CLANG_WARN__DUPLICATE_METHOD_MATCH = YES;
				COPY_PHASE_STRIP = NO;
				DEBUG_INFORMATION_FORMAT = "dwarf-with-dsym";
				ENABLE_NS_ASSERTIONS = NO;
				ENABLE_STRICT_OBJC_MSGSEND = YES;
				GCC_C_LANGUAGE_STANDARD = gnu99;
				GCC_NO_COMMON_BLOCKS = YES;
				GCC_WARN_64_TO_32_BIT_CONVERSION = YES;
				GCC_WARN_ABOUT_RETURN_TYPE = YES_ERROR;
				GCC_WARN_UNDECLARED_SELECTOR = YES;
				GCC_WARN_UNINITIALIZED_AUTOS = YES_AGGRESSIVE;
				GCC_WARN_UNUSED_FUNCTION = YES;
				GCC_WARN_UNUSED_VARIABLE = YES;
				MACOSX_DEPLOYMENT_TARGET = 10.10;
				MTL_ENABLE_DEBUG_INFO = NO;
				SDKROOT = macosx;
			};
			name = Release;
		};
		CF7EC6741B1550E200CD8600 /* Debug */ = {
			isa = XCBuildConfiguration;
			buildSettings = {
				PRODUCT_NAME = "$(TARGET_NAME)";
			};
			name = Debug;
		};
		CF7EC6751B1550E200CD8600 /* Release */ = {
			isa = XCBuildConfiguration;
			buildSettings = {
				PRODUCT_NAME = "$(TARGET_NAME)";
			};
			name = Release;
		};
/* End XCBuildConfiguration section */

/* Begin XCConfigurationList section */
		CF7EC6671B1550E200CD8600 /* Build configuration list for PBXProject "Algebra Quadratic Equation" */ = {
			isa = XCConfigurationList;
			buildConfigurations = (
				CF7EC6711B1550E200CD8600 /* Debug */,
				CF7EC6721B1550E200CD8600 /* Release */,
			);
			defaultConfigurationIsVisible = 0;
			defaultConfigurationName = Release;
		};
		CF7EC6731B1550E200CD8600 /* Build configuration list for PBXNativeTarget "Algebra Quadratic Equation" */ = {
			isa = XCConfigurationList;
			buildConfigurations = (
				CF7EC6741B1550E200CD8600 /* Debug */,
				CF7EC6751B1550E200CD8600 /* Release */,
			);
			defaultConfigurationIsVisible = 0;
		};
/* End XCConfigurationList section */
	};
	rootObject = CF7EC6641B1550E200CD8600 /* Project object */;
}
